
Microsoft Visual Studio Solution File, Format Version 12.00
# Visual Studio 15
VisualStudioVersion = 15.0.28010.2046
MinimumVisualStudioVersion = 10.0.40219.1
Project("{FAE04EC0-301F-11D3-BF4B-00C04F79EFBC}") = "PointWpf", "PointWpf\PointWpf.csproj", "{D9E50122-8603-4C49-85CB-613E02221515}"
EndProject
Global
	GlobalSection(SolutionConfigurationPlatforms) = preSolution
		Debug|Any CPU = Debug|Any CPU
		Release|Any CPU = Release|Any CPU
	EndGlobalSection
	GlobalSection(ProjectConfigurationPlatforms) = postSolution
		{D9E50122-8603-4C49-85CB-613E02221515}.Debug|Any CPU.ActiveCfg = Debug|Any CPU
		{D9E50122-8603-4C49-85CB-613E02221515}.Debug|Any CPU.Build.0 = Debug|Any CPU
		{D9E50122-8603-4C49-85CB-613E02221515}.Release|Any CPU.ActiveCfg = Release|Any CPU
		{D9E50122-8603-4C49-85CB-613E02221515}.Release|Any CPU.Build.0 = Release|Any CPU
	EndGlobalSection
	GlobalSection(SolutionProperties) = preSolution
		HideSolutionNode = FALSE
	EndGlobalSection
	GlobalSection(ExtensibilityGlobals) = postSolution
		SolutionGuid = {F65CFC99-E49A-4BC6-8DA7-BAF71A55845E}
	EndGlobalSection
EndGlobal
